
Microsoft Visual Studio Solution File, Format Version 12.00
# Visual Studio Version 16
VisualStudioVersion = 16.0.28803.202
MinimumVisualStudioVersion = 10.0.40219.1
Project("{FAE04EC0-301F-11D3-BF4B-00C04F79EFBC}") = "VigiaArquivos", "VigiaArquivos\VigiaArquivos.csproj", "{18F8CBAB-4678-42B4-BEFE-9814581592DF}"
EndProject
Global
	GlobalSection(SolutionConfigurationPlatforms) = preSolution
		Debug|Any CPU = Debug|Any CPU
		Release|Any CPU = Release|Any CPU
	EndGlobalSection
	GlobalSection(ProjectConfigurationPlatforms) = postSolution
		{18F8CBAB-4678-42B4-BEFE-9814581592DF}.Debug|Any CPU.ActiveCfg = Debug|Any CPU
		{18F8CBAB-4678-42B4-BEFE-9814581592DF}.Debug|Any CPU.Build.0 = Debug|Any CPU
		{18F8CBAB-4678-42B4-BEFE-9814581592DF}.Release|Any CPU.ActiveCfg = Release|Any CPU
		{18F8CBAB-4678-42B4-BEFE-9814581592DF}.Release|Any CPU.Build.0 = Release|Any CPU
	EndGlobalSection
	GlobalSection(SolutionProperties) = preSolution
		HideSolutionNode = FALSE
	EndGlobalSection
	GlobalSection(ExtensibilityGlobals) = postSolution
		SolutionGuid = {6BE8812D-430E-49C0-87A0-6DE85B8502A1}
	EndGlobalSection
EndGlobal
